
Microsoft Visual Studio Solution File, Format Version 12.00
# Visual Studio 15
VisualStudioVersion = 15.0.28307.757
MinimumVisualStudioVersion = 10.0.40219.1
Project("{FAE04EC0-301F-11D3-BF4B-00C04F79EFBC}") = "CArt", "CArt\CArt.csproj", "{928EDCCF-9E29-43D4-8F09-917571210638}"
EndProject
Project("{FAE04EC0-301F-11D3-BF4B-00C04F79EFBC}") = "XUnitTestProject1", "XUnitTestProject1\XUnitTestProject1.csproj", "{15311276-8C6D-4787-9C21-A6BDD69BB77F}"
EndProject
Global
	GlobalSection(SolutionConfigurationPlatforms) = preSolution
		Debug|Any CPU = Debug|Any CPU
		Release|Any CPU = Release|Any CPU
	EndGlobalSection
	GlobalSection(ProjectConfigurationPlatforms) = postSolution
		{928EDCCF-9E29-43D4-8F09-917571210638}.Debug|Any CPU.ActiveCfg = Debug|Any CPU
		{928EDCCF-9E29-43D4-8F09-917571210638}.Debug|Any CPU.Build.0 = Debug|Any CPU
		{928EDCCF-9E29-43D4-8F09-917571210638}.Release|Any CPU.ActiveCfg = Release|Any CPU
		{928EDCCF-9E29-43D4-8F09-917571210638}.Release|Any CPU.Build.0 = Release|Any CPU
		{15311276-8C6D-4787-9C21-A6BDD69BB77F}.Debug|Any CPU.ActiveCfg = Debug|Any CPU
		{15311276-8C6D-4787-9C21-A6BDD69BB77F}.Debug|Any CPU.Build.0 = Debug|Any CPU
		{15311276-8C6D-4787-9C21-A6BDD69BB77F}.Release|Any CPU.ActiveCfg = Release|Any CPU
		{15311276-8C6D-4787-9C21-A6BDD69BB77F}.Release|Any CPU.Build.0 = Release|Any CPU
	EndGlobalSection
	GlobalSection(SolutionProperties) = preSolution
		HideSolutionNode = FALSE
	EndGlobalSection
	GlobalSection(ExtensibilityGlobals) = postSolution
		SolutionGuid = {45E47BA7-C1F1-4BB1-B3F6-B94E9A9209A1}
	EndGlobalSection
EndGlobal
